
Microsoft Visual Studio Solution File, Format Version 12.00
# Visual Studio Version 17
VisualStudioVersion = 17.8.34322.80
MinimumVisualStudioVersion = 10.0.40219.1
Project("{FAE04EC0-301F-11D3-BF4B-00C04F79EFBC}") = "MicrosoftTest", "MicrosoftTest.csproj", "{3E5BD33E-FFB8-4EBC-8B2F-3CB0AF2B65B1}"
EndProject
Global
	GlobalSection(SolutionConfigurationPlatforms) = preSolution
		Debug|Any CPU = Debug|Any CPU
		Release|Any CPU = Release|Any CPU
	EndGlobalSection
	GlobalSection(ProjectConfigurationPlatforms) = postSolution
		{3E5BD33E-FFB8-4EBC-8B2F-3CB0AF2B65B1}.Debug|Any CPU.ActiveCfg = Debug|Any CPU
		{3E5BD33E-FFB8-4EBC-8B2F-3CB0AF2B65B1}.Debug|Any CPU.Build.0 = Debug|Any CPU
		{3E5BD33E-FFB8-4EBC-8B2F-3CB0AF2B65B1}.Release|Any CPU.ActiveCfg = Release|Any CPU
		{3E5BD33E-FFB8-4EBC-8B2F-3CB0AF2B65B1}.Release|Any CPU.Build.0 = Release|Any CPU
	EndGlobalSection
	GlobalSection(SolutionProperties) = preSolution
		HideSolutionNode = FALSE
	EndGlobalSection
	GlobalSection(ExtensibilityGlobals) = postSolution
		SolutionGuid = {6DF72C43-4896-43A9-8F5A-22786953F546}
	EndGlobalSection
EndGlobal
