
Microsoft Visual Studio Solution File, Format Version 12.00
# Visual Studio Version 17
VisualStudioVersion = 17.8.34330.188
MinimumVisualStudioVersion = 10.0.40219.1
Project("{FAE04EC0-301F-11D3-BF4B-00C04F79EFBC}") = "Krokodille", "Krokodille.csproj", "{85EDA802-C870-43C7-8745-F99E6050ADB2}"
EndProject
Global
	GlobalSection(SolutionConfigurationPlatforms) = preSolution
		Debug|Any CPU = Debug|Any CPU
		Release|Any CPU = Release|Any CPU
	EndGlobalSection
	GlobalSection(ProjectConfigurationPlatforms) = postSolution
		{85EDA802-C870-43C7-8745-F99E6050ADB2}.Debug|Any CPU.ActiveCfg = Debug|Any CPU
		{85EDA802-C870-43C7-8745-F99E6050ADB2}.Debug|Any CPU.Build.0 = Debug|Any CPU
		{85EDA802-C870-43C7-8745-F99E6050ADB2}.Release|Any CPU.ActiveCfg = Release|Any CPU
		{85EDA802-C870-43C7-8745-F99E6050ADB2}.Release|Any CPU.Build.0 = Release|Any CPU
	EndGlobalSection
	GlobalSection(SolutionProperties) = preSolution
		HideSolutionNode = FALSE
	EndGlobalSection
	GlobalSection(ExtensibilityGlobals) = postSolution
		SolutionGuid = {E340C730-4AC0-48D7-AD47-C661D2D1DC36}
	EndGlobalSection
EndGlobal
