
Microsoft Visual Studio Solution File, Format Version 12.00
# Visual Studio Version 17
VisualStudioVersion = 17.8.34322.80
MinimumVisualStudioVersion = 10.0.40219.1
Project("{FAE04EC0-301F-11D3-BF4B-00C04F79EFBC}") = "Aksjehandel", "Aksjehandel.csproj", "{036B80A6-8C1F-47D7-903D-CA3A04560E14}"
EndProject
Global
	GlobalSection(SolutionConfigurationPlatforms) = preSolution
		Debug|Any CPU = Debug|Any CPU
		Release|Any CPU = Release|Any CPU
	EndGlobalSection
	GlobalSection(ProjectConfigurationPlatforms) = postSolution
		{036B80A6-8C1F-47D7-903D-CA3A04560E14}.Debug|Any CPU.ActiveCfg = Debug|Any CPU
		{036B80A6-8C1F-47D7-903D-CA3A04560E14}.Debug|Any CPU.Build.0 = Debug|Any CPU
		{036B80A6-8C1F-47D7-903D-CA3A04560E14}.Release|Any CPU.ActiveCfg = Release|Any CPU
		{036B80A6-8C1F-47D7-903D-CA3A04560E14}.Release|Any CPU.Build.0 = Release|Any CPU
	EndGlobalSection
	GlobalSection(SolutionProperties) = preSolution
		HideSolutionNode = FALSE
	EndGlobalSection
	GlobalSection(ExtensibilityGlobals) = postSolution
		SolutionGuid = {E6234861-AF03-4C59-BEBA-87DF241D2DC7}
	EndGlobalSection
EndGlobal
